# THIS IS AN AUTOGENERATED FILE. DO NOT EDIT THIS FILE DIRECTLY.
# yarn lockfile v1


"@next/env@13.4.5-canary.9":
  version "13.4.5-canary.9"
  resolved "https://registry.yarnpkg.com/@next/env/-/env-13.4.5-canary.9.tgz#4ce036ed43d3801f7f568825b33d989d215d3fa4"
  integrity sha512-kY/hn1G/ZZRhspdg0aTWXHFqFbM7/46vtY+jRQGeEOt+VVyKGF3JG4dD8LYGT08Ofii5upoR+R/bwJH5ZrAnNQ==

"@next/swc-darwin-arm64@13.4.5-canary.9":
  version "13.4.5-canary.9"
  resolved "https://registry.yarnpkg.com/@next/swc-darwin-arm64/-/swc-darwin-arm64-13.4.5-canary.9.tgz#e3a0b2360f8b2ae5ceb76a69281972bad27dbba8"
  integrity sha512-aEhkY88nc9moLT8BX73PUJz0jtkSVeJ+QUwSIwU+/xx6Dd1H4vjICL3cAUQJ7/Gd6E0CSPyxf3gFOPSseXWRyQ==

"@next/swc-darwin-x64@13.4.5-canary.9":
  version "13.4.5-canary.9"
  resolved "https://registry.yarnpkg.com/@next/swc-darwin-x64/-/swc-darwin-x64-13.4.5-canary.9.tgz#16212356f981898ea389ab7e0a1b594fe82da19e"
  integrity sha512-Mgva8gRn7CuMg+JhGl1I5obWrQRdkOlkdN2Rgp2tPOLnzFMJwlIz6xW1AbHC324g50nbtQz/iHj1k5aDX8CHbQ==

"@next/swc-linux-arm64-gnu@13.4.5-canary.9":
  version "13.4.5-canary.9"
  resolved "https://registry.yarnpkg.com/@next/swc-linux-arm64-gnu/-/swc-linux-arm64-gnu-13.4.5-canary.9.tgz#f8a3f4455f2ce74c010694fb33280a14d6df8850"
  integrity sha512-MI8Yzq/NhbR+yaKKW/rmty0JAGrg0Rj54+L2mRQ9dV8p3N/nbm4MVk/q9BuQskAohVxgmEISXiasRv1D7XLUKQ==

"@next/swc-linux-arm64-musl@13.4.5-canary.9":
  version "13.4.5-canary.9"
  resolved "https://registry.yarnpkg.com/@next/swc-linux-arm64-musl/-/swc-linux-arm64-musl-13.4.5-canary.9.tgz#7cf22a0799a2ac59140a42621d7701c57f405104"
  integrity sha512-bSCXss2A3ly0sOBb0OnYujhsd/B30m6tqMMlGWjBSJuAC6O7oXyQ+UHYyNSPaOBB3mycny5mb7D6/GatJbd/Yw==

"@next/swc-linux-x64-gnu@13.4.5-canary.9":
  version "13.4.5-canary.9"
  resolved "https://registry.yarnpkg.com/@next/swc-linux-x64-gnu/-/swc-linux-x64-gnu-13.4.5-canary.9.tgz#5e1679314e950fb882704c062c41f339758ca273"
  integrity sha512-7eDKorqj7NKInqU7uoFHxOLLFTIwvCOLwcYhixw756DSyyXx6GICSlU6bRpLS+2jBLs4lfWDDQ6b+sYsde7Jbw==

"@next/swc-linux-x64-musl@13.4.5-canary.9":
  version "13.4.5-canary.9"
  resolved "https://registry.yarnpkg.com/@next/swc-linux-x64-musl/-/swc-linux-x64-musl-13.4.5-canary.9.tgz#5828f3fba46524033e8fc3e7ee2c19466996893b"
  integrity sha512-QGsgm6inm1kGJbg1fRL6XjvH39V5WUAsK+1b6tKUKaUckIsUz+1AghUGF6TWzgRolB9mKDAhKBU2MZQDs7Qybw==

"@next/swc-win32-arm64-msvc@13.4.5-canary.9":
  version "13.4.5-canary.9"
  resolved "https://registry.yarnpkg.com/@next/swc-win32-arm64-msvc/-/swc-win32-arm64-msvc-13.4.5-canary.9.tgz#2ca7afe4a5cb0ec9880112cf4c1dbaad91dd6998"
  integrity sha512-68EMK6gpRx5+RodZhnjeFv2Uy0WIzGPDEDzg81K4XQ+mW03l4xK1Bz2ZkEorBdigmiyuX6ubQ2HrWwLdnBThDQ==

"@next/swc-win32-ia32-msvc@13.4.5-canary.9":
  version "13.4.5-canary.9"
  resolved "https://registry.yarnpkg.com/@next/swc-win32-ia32-msvc/-/swc-win32-ia32-msvc-13.4.5-canary.9.tgz#86d8b79a7e7d40b05dbab02948c1f08a7ab24bb5"
  integrity sha512-y0IKS7RapUMp4jEupe4Z4kSMMrIVK7L3g1ll2MeI9Vfr95FQT28Dg7vm3hdUXBoxFFC3+nAzdb7eWAXn8ud/BQ==

"@next/swc-win32-x64-msvc@13.4.5-canary.9":
  version "13.4.5-canary.9"
  resolved "https://registry.yarnpkg.com/@next/swc-win32-x64-msvc/-/swc-win32-x64-msvc-13.4.5-canary.9.tgz#076c76510dae4e8c4ad255c0a56e8efa72419795"
  integrity sha512-+FXFqD+WJYUewHZaZvcdZ2A5M1EvpLlZhFG+o4SwIeghCU70uO0tL2cSYc3wSPkdRVoZkWVpmdKGNaBVZaF3Lg==

"@swc/helpers@0.5.1":
  version "0.5.1"
  resolved "https://registry.yarnpkg.com/@swc/helpers/-/helpers-0.5.1.tgz#e9031491aa3f26bfcc974a67f48bd456c8a5357a"
  integrity sha512-sJ902EfIzn1Fa+qYmjdQqh8tPsoxyBz+8yBKC2HKUxyezKJFwPGOn7pv4WY6QuQW//ySQi5lJjA/ZT9sNWWNTg==
  dependencies:
    tslib "^2.4.0"

"@types/node@^18.11.13":
  version "18.16.16"
  resolved "https://registry.yarnpkg.com/@types/node/-/node-18.16.16.tgz#3b64862856c7874ccf7439e6bab872d245c86d8e"
  integrity sha512-NpaM49IGQQAUlBhHMF82QH80J08os4ZmyF9MkpCzWAGuOHqE4gTEbhzd7L3l5LmWuZ6E0OiC1FweQ4tsiW35+g==

"@types/prop-types@*":
  version "15.7.5"
  resolved "https://registry.yarnpkg.com/@types/prop-types/-/prop-types-15.7.5.tgz#5f19d2b85a98e9558036f6a3cacc8819420f05cf"
  integrity sha512-JCB8C6SnDoQf0cNycqd/35A7MjcnK+ZTqE7judS6o7utxUCg6imJg3QK2qzHKszlTjcj2cn+NwMB2i96ubpj7w==

"@types/react@^18.0.26":
  version "18.2.9"
  resolved "https://registry.yarnpkg.com/@types/react/-/react-18.2.9.tgz#9207f8571afdc59a9c9c30df50e8ad2591ecefaf"
  integrity sha512-pL3JAesUkF7PEQGxh5XOwdXGV907te6m1/Qe1ERJLgomojS6Ne790QiA7GUl434JEkFA2aAaB6qJ5z4e1zJn/w==
  dependencies:
    "@types/prop-types" "*"
    "@types/scheduler" "*"
    csstype "^3.0.2"

"@types/scheduler@*":
  version "0.16.3"
  resolved "https://registry.yarnpkg.com/@types/scheduler/-/scheduler-0.16.3.tgz#cef09e3ec9af1d63d2a6cc5b383a737e24e6dcf5"
  integrity sha512-5cJ8CB4yAx7BH1oMvdU0Jh9lrEXyPkar6F9G/ERswkCuvP4KQZfZkSjcMbAICCpQTN4OuZn8tz0HiKv9TGZgrQ==

busboy@1.6.0:
  version "1.6.0"
  resolved "https://registry.yarnpkg.com/busboy/-/busboy-1.6.0.tgz#966ea36a9502e43cdb9146962523b92f531f6893"
  integrity sha512-8SFQbg/0hQ9xy3UNTB0YEnsNBbWfhf7RtnzpL7TkBiTBRfrQ9Fxcnz7VJsleJpyp6rVLvXiuORqjlHi5q+PYuA==
  dependencies:
    streamsearch "^1.1.0"

caniuse-lite@^1.0.30001406:
  version "1.0.30001497"
  resolved "https://registry.yarnpkg.com/caniuse-lite/-/caniuse-lite-1.0.30001497.tgz#0e5387b98e7dbf9c4f743fb16e92cbf0ca780714"
  integrity sha512-I4/duVK4wL6rAK/aKZl3HXB4g+lIZvaT4VLAn2rCgJ38jVLb0lv2Xug6QuqmxXFVRJMF74SPPWPJ/1Sdm3vCzw==

client-only@0.0.1:
  version "0.0.1"
  resolved "https://registry.yarnpkg.com/client-only/-/client-only-0.0.1.tgz#38bba5d403c41ab150bff64a95c85013cf73bca1"
  integrity sha512-IV3Ou0jSMzZrd3pZ48nLkT9DA7Ag1pnPzaiQhpW7c3RbcqqzvzzVu+L8gfqMp/8IM2MQtSiqaCxrrcfu8I8rMA==

csstype@^3.0.2:
  version "3.1.2"
  resolved "https://registry.yarnpkg.com/csstype/-/csstype-3.1.2.tgz#1d4bf9d572f11c14031f0436e1c10bc1f571f50b"
  integrity sha512-I7K1Uu0MBPzaFKg4nI5Q7Vs2t+3gWWW648spaF+Rg7pI9ds18Ugn+lvg4SHczUdKlHI5LWBXyqfS8+DufyBsgQ==

glob-to-regexp@^0.4.1:
  version "0.4.1"
  resolved "https://registry.yarnpkg.com/glob-to-regexp/-/glob-to-regexp-0.4.1.tgz#c75297087c851b9a578bd217dd59a92f59fe546e"
  integrity sha512-lkX1HJXwyMcprw/5YUZc2s7DrpAiHB21/V+E1rHUrVNokkvB6bqMzT0VfV6/86ZNabt1k14YOIaT7nDvOX3Iiw==

graceful-fs@^4.1.2:
  version "4.2.11"
  resolved "https://registry.yarnpkg.com/graceful-fs/-/graceful-fs-4.2.11.tgz#4183e4e8bf08bb6e05bbb2f7d2e0c8f712ca40e3"
  integrity sha512-RbJ5/jmFcNNCcDV5o9eTnBLJ/HszWV0P73bc+Ff4nS/rJj+YaS6IGyiOL0VoBYX+l1Wrl3k63h/KrH+nhJ0XvQ==

"js-tokens@^3.0.0 || ^4.0.0":
  version "4.0.0"
  resolved "https://registry.yarnpkg.com/js-tokens/-/js-tokens-4.0.0.tgz#19203fb59991df98e3a287050d4647cdeaf32499"
  integrity sha512-RdJUflcE3cUzKiMqQgsCu06FPu9UdIJO0beYbPhHN4k6apgJtifcoCtT9bcxOpYBtpD2kCM6Sbzg4CausW/PKQ==

loose-envify@^1.1.0:
  version "1.4.0"
  resolved "https://registry.yarnpkg.com/loose-envify/-/loose-envify-1.4.0.tgz#71ee51fa7be4caec1a63839f7e682d8132d30caf"
  integrity sha512-lyuxPGr/Wfhrlem2CL/UcnUc1zcqKAImBDzukY7Y5F/yQiNdko6+fRLevlw1HgMySw7f611UIY408EtxRSoK3Q==
  dependencies:
    js-tokens "^3.0.0 || ^4.0.0"

nanoid@^3.3.4:
  version "3.3.6"
  resolved "https://registry.yarnpkg.com/nanoid/-/nanoid-3.3.6.tgz#443380c856d6e9f9824267d960b4236ad583ea4c"
  integrity sha512-BGcqMMJuToF7i1rt+2PWSNVnWIkGCU78jBG3RxO/bZlnZPK2Cmi2QaffxGO/2RvWi9sL+FAiRiXMgsyxQ1DIDA==

next@canary:
  version "13.4.5-canary.9"
  resolved "https://registry.yarnpkg.com/next/-/next-13.4.5-canary.9.tgz#9385b00493d78b3948743e708603819721852c29"
  integrity sha512-Eqxb+0aSO5OYoefTZaCCbB25UmUsivnbML2Nh69wYjKsr47FPRK1AsP0eb1oMUKWxQQqp8952OAY13sfpXZmrg==
  dependencies:
    "@next/env" "13.4.5-canary.9"
    "@swc/helpers" "0.5.1"
    busboy "1.6.0"
    caniuse-lite "^1.0.30001406"
    postcss "8.4.14"
    styled-jsx "5.1.1"
    watchpack "2.4.0"
    zod "3.21.4"
  optionalDependencies:
    "@next/swc-darwin-arm64" "13.4.5-canary.9"
    "@next/swc-darwin-x64" "13.4.5-canary.9"
    "@next/swc-linux-arm64-gnu" "13.4.5-canary.9"
    "@next/swc-linux-arm64-musl" "13.4.5-canary.9"
    "@next/swc-linux-x64-gnu" "13.4.5-canary.9"
    "@next/swc-linux-x64-musl" "13.4.5-canary.9"
    "@next/swc-win32-arm64-msvc" "13.4.5-canary.9"
    "@next/swc-win32-ia32-msvc" "13.4.5-canary.9"
    "@next/swc-win32-x64-msvc" "13.4.5-canary.9"

picocolors@^1.0.0:
  version "1.0.0"
  resolved "https://registry.yarnpkg.com/picocolors/-/picocolors-1.0.0.tgz#cb5bdc74ff3f51892236eaf79d68bc44564ab81c"
  integrity sha512-1fygroTLlHu66zi26VoTDv8yRgm0Fccecssto+MhsZ0D/DGW2sm8E8AjW7NU5VVTRt5GxbeZ5qBuJr+HyLYkjQ==

postcss@8.4.14:
  version "8.4.14"
  resolved "https://registry.yarnpkg.com/postcss/-/postcss-8.4.14.tgz#ee9274d5622b4858c1007a74d76e42e56fd21caf"
  integrity sha512-E398TUmfAYFPBSdzgeieK2Y1+1cpdxJx8yXbK/m57nRhKSmk1GB2tO4lbLBtlkfPQTDKfe4Xqv1ASWPpayPEig==
  dependencies:
    nanoid "^3.3.4"
    picocolors "^1.0.0"
    source-map-js "^1.0.2"

react-dom@^18.2.0:
  version "18.2.0"
  resolved "https://registry.yarnpkg.com/react-dom/-/react-dom-18.2.0.tgz#22aaf38708db2674ed9ada224ca4aa708d821e3d"
  integrity sha512-6IMTriUmvsjHUjNtEDudZfuDQUoWXVxKHhlEGSk81n4YFS+r/Kl99wXiwlVXtPBtJenozv2P+hxDsw9eA7Xo6g==
  dependencies:
    loose-envify "^1.1.0"
    scheduler "^0.23.0"

react@^18.2.0:
  version "18.2.0"
  resolved "https://registry.yarnpkg.com/react/-/react-18.2.0.tgz#555bd98592883255fa00de14f1151a917b5d77d5"
  integrity sha512-/3IjMdb2L9QbBdWiW5e3P2/npwMBaU9mHCSCUzNln0ZCYbcfTsGbTJrU/kGemdH2IWmB2ioZ+zkxtmq6g09fGQ==
  dependencies:
    loose-envify "^1.1.0"

scheduler@^0.23.0:
  version "0.23.0"
  resolved "https://registry.yarnpkg.com/scheduler/-/scheduler-0.23.0.tgz#ba8041afc3d30eb206a487b6b384002e4e61fdfe"
  integrity sha512-CtuThmgHNg7zIZWAXi3AsyIzA3n4xx7aNyjwC2VJldO2LMVDhFK+63xGqq6CsJH4rTAt6/M+N4GhZiDYPx9eUw==
  dependencies:
    loose-envify "^1.1.0"

source-map-js@^1.0.2:
  version "1.0.2"
  resolved "https://registry.yarnpkg.com/source-map-js/-/source-map-js-1.0.2.tgz#adbc361d9c62df380125e7f161f71c826f1e490c"
  integrity sha512-R0XvVJ9WusLiqTCEiGCmICCMplcCkIwwR11mOSD9CR5u+IXYdiseeEuXCVAjS54zqwkLcPNnmU4OeJ6tUrWhDw==

streamsearch@^1.1.0:
  version "1.1.0"
  resolved "https://registry.yarnpkg.com/streamsearch/-/streamsearch-1.1.0.tgz#404dd1e2247ca94af554e841a8ef0eaa238da764"
  integrity sha512-Mcc5wHehp9aXz1ax6bZUyY5afg9u2rv5cqQI3mRrYkGC8rW2hM02jWuwjtL++LS5qinSyhj2QfLyNsuc+VsExg==

styled-jsx@5.1.1:
  version "5.1.1"
  resolved "https://registry.yarnpkg.com/styled-jsx/-/styled-jsx-5.1.1.tgz#839a1c3aaacc4e735fed0781b8619ea5d0009d1f"
  integrity sha512-pW7uC1l4mBZ8ugbiZrcIsiIvVx1UmTfw7UkC3Um2tmfUq9Bhk8IiyEIPl6F8agHgjzku6j0xQEZbfA5uSgSaCw==
  dependencies:
    client-only "0.0.1"

tslib@^2.4.0:
  version "2.5.3"
  resolved "https://registry.yarnpkg.com/tslib/-/tslib-2.5.3.tgz#24944ba2d990940e6e982c4bea147aba80209913"
  integrity sha512-mSxlJJwl3BMEQCUNnxXBU9jP4JBktcEGhURcPR6VQVlnP0FdDEsIaz0C35dXNGLyRfrATNofF0F5p2KPxQgB+w==

typescript@^4.9.4:
  version "4.9.5"
  resolved "https://registry.yarnpkg.com/typescript/-/typescript-4.9.5.tgz#095979f9bcc0d09da324d58d03ce8f8374cbe65a"
  integrity sha512-1FXk9E2Hm+QzZQ7z+McJiHL4NW1F2EzMu9Nq9i3zAaGqibafqYwCVU6WyWAuyQRRzOlxou8xZSyXLEN8oKj24g==

watchpack@2.4.0:
  version "2.4.0"
  resolved "https://registry.yarnpkg.com/watchpack/-/watchpack-2.4.0.tgz#fa33032374962c78113f93c7f2fb4c54c9862a5d"
  integrity sha512-Lcvm7MGST/4fup+ifyKi2hjyIAwcdI4HRgtvTpIUxBRhB+RFtUh8XtDOxUfctVCnhVi+QQj49i91OyvzkJl6cg==
  dependencies:
    glob-to-regexp "^0.4.1"
    graceful-fs "^4.1.2"

zod@3.21.4:
  version "3.21.4"
  resolved "https://registry.yarnpkg.com/zod/-/zod-3.21.4.tgz#10882231d992519f0a10b5dd58a38c9dabbb64db"
  integrity sha512-m46AKbrzKVzOzs/DZgVnG5H55N1sv1M8qZU3A8RIKbs3mrACDNeIOeilDymVb2HdmP8uwshOCF4uJ8uM9rCqJw==
